PODS:
  - libb2s (1.0.1)
  - libbase58 (0.1.4)
  - libsodium (1.0.11)
  - SkyFloatingLabelTextField (3.0.0)
  - zxcvbn-ios (1.0.4)

DEPENDENCIES:
  - libb2s (~> 1.0)
  - libbase58 (~> 0.1)
  - libsodium (~> 1.0)
  - SkyFloatingLabelTextField (~> 3.0)
  - zxcvbn-ios (~> 1.0)

SPEC CHECKSUMS:
  libb2s: becf51d56fef21f4e7892821bc2eb0baf87af0ab
  libbase58: 7c040313537b8c44b6e2d15586af8e21f7354efd
  libsodium: 9aba161d2ee096977ecbdcce1ada69ffe511970c
  SkyFloatingLabelTextField: 35bc0c2653ad73c5fd8b7a34cfedf09c94367a1a
  zxcvbn-ios: fef98b7c80f1512ff0eec47ac1fa399fc00f7e3c

PODFILE CHECKSUM: adf923e117c8908c5fcceb7cfe01d07840c9ef10

COCOAPODS: 1.2.0
