// !$*UTF8*$!
{
	archiveVersion = 1;
	classes = {
	};
	objectVersion = 46;
	objects = {

/* Begin PBXBuildFile section */
		714E16961E7DF1880067F1AC /* AppDelegate.swift in Sources */ = {isa = PBXBuildFile; fileRef = 714E16951E7DF1880067F1AC /* AppDelegate.swift */; };
		714E169B1E7DF1880067F1AC /* Main.storyboard in Resources */ = {isa = PBXBuildFile; fileRef = 714E16991E7DF1880067F1AC /* Main.storyboard */; };
		714E169D1E7DF1880067F1AC /* Assets.xcassets in Resources */ = {isa = PBXBuildFile; fileRef = 714E169C1E7DF1880067F1AC /* Assets.xcassets */; };
		714E16A01E7DF1880067F1AC /* LaunchScreen.storyboard in Resources */ = {isa = PBXBuildFile; fileRef = 714E169E1E7DF1880067F1AC /* LaunchScreen.storyboard */; };
		7189FA9D1E7DF44A00454478 /* MiniLock.swift in Sources */ = {isa = PBXBuildFile; fileRef = 7189FA9C1E7DF44A00454478 /* MiniLock.swift */; };
		7189FA9F1E7E13D000454478 /* Ed25519KeyPair.swift in Sources */ = {isa = PBXBuildFile; fileRef = 7189FA9E1E7E13D000454478 /* Ed25519KeyPair.swift */; };
		7189FAA11E7EB8D200454478 /* Base58.swift in Sources */ = {isa = PBXBuildFile; fileRef = 7189FAA01E7EB8D200454478 /* Base58.swift */; };
		71A17EB01E804D9100A5EDCC /* LoginViewController.swift in Sources */ = {isa = PBXBuildFile; fileRef = 71A17EAF1E804D9100A5EDCC /* LoginViewController.swift */; };
		71A17EB41E808E2A00A5EDCC /* Words.plist in Resources */ = {isa = PBXBuildFile; fileRef = 71A17EB31E808E2A00A5EDCC /* Words.plist */; };
		A2CBEB56E0CA438D79644EC5 /* Pods_SwiftLock.framework in Frameworks */ = {isa = PBXBuildFile; fileRef = 0D78B1EE843F942D57E8B39B /* Pods_SwiftLock.framework */; };
/* End PBXBuildFile section */

/* Begin PBXFileReference section */
		0D78B1EE843F942D57E8B39B /* Pods_SwiftLock.framework */ = {isa = PBXFileReference; explicitFileType = wrapper.framework; includeInIndex = 0; path = Pods_SwiftLock.framework; sourceTree = BUILT_PRODUCTS_DIR; };
		714E16921E7DF1880067F1AC /* SwiftLock.app */ = {isa = PBXFileReference; explicitFileType = wrapper.application; includeInIndex = 0; path = SwiftLock.app; sourceTree = BUILT_PRODUCTS_DIR; };
		714E16951E7DF1880067F1AC /* AppDelegate.swift */ = {isa = PBXFileReference; lastKnownFileType = sourcecode.swift; path = AppDelegate.swift; sourceTree = "<group>"; };
		714E169A1E7DF1880067F1AC /* Base */ = {isa = PBXFileReference; lastKnownFileType = file.storyboard; name = Base; path = Base.lproj/Main.storyboard; sourceTree = "<group>"; };
		714E169C1E7DF1880067F1AC /* Assets.xcassets */ = {isa = PBXFileReference; lastKnownFileType = folder.assetcatalog; path = Assets.xcassets; sourceTree = "<group>"; };
		714E169F1E7DF1880067F1AC /* Base */ = {isa = PBXFileReference; lastKnownFileType = file.storyboard; name = Base; path = Base.lproj/LaunchScreen.storyboard; sourceTree = "<group>"; };
		714E16A11E7DF1880067F1AC /* Info.plist */ = {isa = PBXFileReference; lastKnownFileType = text.plist.xml; path = Info.plist; sourceTree = "<group>"; };
		7189FA9C1E7DF44A00454478 /* MiniLock.swift */ = {isa = PBXFileReference; fileEncoding = 4; lastKnownFileType = sourcecode.swift; path = MiniLock.swift; sourceTree = "<group>"; };
		7189FA9E1E7E13D000454478 /* Ed25519KeyPair.swift */ = {isa = PBXFileReference; fileEncoding = 4; lastKnownFileType = sourcecode.swift; path = Ed25519KeyPair.swift; sourceTree = "<group>"; };
		7189FAA01E7EB8D200454478 /* Base58.swift */ = {isa = PBXFileReference; fileEncoding = 4; lastKnownFileType = sourcecode.swift; path = Base58.swift; sourceTree = "<group>"; };
		71A17EAF1E804D9100A5EDCC /* LoginViewController.swift */ = {isa = PBXFileReference; fileEncoding = 4; lastKnownFileType = sourcecode.swift; path = LoginViewController.swift; sourceTree = "<group>"; };
		71A17EB31E808E2A00A5EDCC /* Words.plist */ = {isa = PBXFileReference; fileEncoding = 4; lastKnownFileType = text.plist.xml; path = Words.plist; sourceTree = "<group>"; };
		935CC6B360341A7ADFC0DA54 /* Pods-SwiftLock.release.xcconfig */ = {isa = PBXFileReference; includeInIndex = 1; lastKnownFileType = text.xcconfig; name = "Pods-SwiftLock.release.xcconfig"; path = "Pods/Target Support Files/Pods-SwiftLock/Pods-SwiftLock.release.xcconfig"; sourceTree = "<group>"; };
		CDD972301F907F4A16CC4873 /* Pods-SwiftLock.debug.xcconfig */ = {isa = PBXFileReference; includeInIndex = 1; lastKnownFileType = text.xcconfig; name = "Pods-SwiftLock.debug.xcconfig"; path = "Pods/Target Support Files/Pods-SwiftLock/Pods-SwiftLock.debug.xcconfig"; sourceTree = "<group>"; };
/* End PBXFileReference section */

/* Begin PBXFrameworksBuildPhase section */
		714E168F1E7DF1880067F1AC /* Frameworks */ = {
			isa = PBXFrameworksBuildPhase;
			buildActionMask = 2147483647;
			files = (
				A2CBEB56E0CA438D79644EC5 /* Pods_SwiftLock.framework in Frameworks */,
			);
			runOnlyForDeploymentPostprocessing = 0;
		};
/* End PBXFrameworksBuildPhase section */

/* Begin PBXGroup section */
		51A132E13D90118240F4985C /* Frameworks */ = {
			isa = PBXGroup;
			children = (
				0D78B1EE843F942D57E8B39B /* Pods_SwiftLock.framework */,
			);
			name = Frameworks;
			sourceTree = "<group>";
		};
		714E16891E7DF1880067F1AC = {
			isa = PBXGroup;
			children = (
				714E16941E7DF1880067F1AC /* SwiftLock */,
				714E16931E7DF1880067F1AC /* Products */,
				CFD906BEDDDCB039EDDF8F9E /* Pods */,
				51A132E13D90118240F4985C /* Frameworks */,
			);
			sourceTree = "<group>";
		};
		714E16931E7DF1880067F1AC /* Products */ = {
			isa = PBXGroup;
			children = (
				714E16921E7DF1880067F1AC /* SwiftLock.app */,
			);
			name = Products;
			sourceTree = "<group>";
		};
		714E16941E7DF1880067F1AC /* SwiftLock */ = {
			isa = PBXGroup;
			children = (
				715B57A91E7DF2AD00A57B0C /* Supporting Files */,
				714E16991E7DF1880067F1AC /* Main.storyboard */,
				71A17EAF1E804D9100A5EDCC /* LoginViewController.swift */,
				7189FA9C1E7DF44A00454478 /* MiniLock.swift */,
				7189FA9E1E7E13D000454478 /* Ed25519KeyPair.swift */,
				7189FAA01E7EB8D200454478 /* Base58.swift */,
				71A17EB31E808E2A00A5EDCC /* Words.plist */,
			);
			path = SwiftLock;
			sourceTree = "<group>";
		};
		715B57A91E7DF2AD00A57B0C /* Supporting Files */ = {
			isa = PBXGroup;
			children = (
				714E16951E7DF1880067F1AC /* AppDelegate.swift */,
				714E169C1E7DF1880067F1AC /* Assets.xcassets */,
				714E169E1E7DF1880067F1AC /* LaunchScreen.storyboard */,
				714E16A11E7DF1880067F1AC /* Info.plist */,
			);
			name = "Supporting Files";
			sourceTree = "<group>";
		};
		CFD906BEDDDCB039EDDF8F9E /* Pods */ = {
			isa = PBXGroup;
			children = (
				CDD972301F907F4A16CC4873 /* Pods-SwiftLock.debug.xcconfig */,
				935CC6B360341A7ADFC0DA54 /* Pods-SwiftLock.release.xcconfig */,
			);
			name = Pods;
			sourceTree = "<group>";
		};
/* End PBXGroup section */

/* Begin PBXNativeTarget section */
		714E16911E7DF1880067F1AC /* SwiftLock */ = {
			isa = PBXNativeTarget;
			buildConfigurationList = 714E16A41E7DF1880067F1AC /* Build configuration list for PBXNativeTarget "SwiftLock" */;
			buildPhases = (
				2A538250443B359AEC7EC58D /* [CP] Check Pods Manifest.lock */,
				714E168E1E7DF1880067F1AC /* Sources */,
				714E168F1E7DF1880067F1AC /* Frameworks */,
				714E16901E7DF1880067F1AC /* Resources */,
				65492C310C88263D22E3A815 /* [CP] Embed Pods Frameworks */,
				481B82143E2800827F0DE807 /* [CP] Copy Pods Resources */,
			);
			buildRules = (
			);
			dependencies = (
			);
			name = SwiftLock;
			productName = SwiftLock;
			productReference = 714E16921E7DF1880067F1AC /* SwiftLock.app */;
			productType = "com.apple.product-type.application";
		};
/* End PBXNativeTarget section */

/* Begin PBXProject section */
		714E168A1E7DF1880067F1AC /* Project object */ = {
			isa = PBXProject;
			attributes = {
				LastSwiftUpdateCheck = 0820;
				LastUpgradeCheck = 0820;
				ORGANIZATIONNAME = "Mohak Shah";
				TargetAttributes = {
					714E16911E7DF1880067F1AC = {
						CreatedOnToolsVersion = 8.2.1;
						DevelopmentTeam = KWU29G76Q9;
						ProvisioningStyle = Automatic;
					};
				};
			};
			buildConfigurationList = 714E168D1E7DF1880067F1AC /* Build configuration list for PBXProject "SwiftLock" */;
			compatibilityVersion = "Xcode 3.2";
			developmentRegion = English;
			hasScannedForEncodings = 0;
			knownRegions = (
				en,
				Base,
			);
			mainGroup = 714E16891E7DF1880067F1AC;
			productRefGroup = 714E16931E7DF1880067F1AC /* Products */;
			projectDirPath = "";
			projectRoot = "";
			targets = (
				714E16911E7DF1880067F1AC /* SwiftLock */,
			);
		};
/* End PBXProject section */

/* Begin PBXResourcesBuildPhase section */
		714E16901E7DF1880067F1AC /* Resources */ = {
			isa = PBXResourcesBuildPhase;
			buildActionMask = 2147483647;
			files = (
				71A17EB41E808E2A00A5EDCC /* Words.plist in Resources */,
				714E16A01E7DF1880067F1AC /* LaunchScreen.storyboard in Resources */,
				714E169D1E7DF1880067F1AC /* Assets.xcassets in Resources */,
				714E169B1E7DF1880067F1AC /* Main.storyboard in Resources */,
			);
			runOnlyForDeploymentPostprocessing = 0;
		};
/* End PBXResourcesBuildPhase section */

/* Begin PBXShellScriptBuildPhase section */
		2A538250443B359AEC7EC58D /* [CP] Check Pods Manifest.lock */ = {
			isa = PBXShellScriptBuildPhase;
			buildActionMask = 2147483647;
			files = (
			);
			inputPaths = (
			);
			name = "[CP] Check Pods Manifest.lock";
			outputPaths = (
			);
			runOnlyForDeploymentPostprocessing = 0;
			shellPath = /bin/sh;
			shellScript = "diff \"${PODS_ROOT}/../Podfile.lock\" \"${PODS_ROOT}/Manifest.lock\" > /dev/null\nif [ $? != 0 ] ; then\n    # print error to STDERR\n    echo \"error: The sandbox is not in sync with the Podfile.lock. Run 'pod install' or update your CocoaPods installation.\" >&2\n    exit 1\nfi\n";
			showEnvVarsInLog = 0;
		};
		481B82143E2800827F0DE807 /* [CP] Copy Pods Resources */ = {
			isa = PBXShellScriptBuildPhase;
			buildActionMask = 2147483647;
			files = (
			);
			inputPaths = (
			);
			name = "[CP] Copy Pods Resources";
			outputPaths = (
			);
			runOnlyForDeploymentPostprocessing = 0;
			shellPath = /bin/sh;
			shellScript = "\"${SRCROOT}/Pods/Target Support Files/Pods-SwiftLock/Pods-SwiftLock-resources.sh\"\n";
			showEnvVarsInLog = 0;
		};
		65492C310C88263D22E3A815 /* [CP] Embed Pods Frameworks */ = {
			isa = PBXShellScriptBuildPhase;
			buildActionMask = 2147483647;
			files = (
			);
			inputPaths = (
			);
			name = "[CP] Embed Pods Frameworks";
			outputPaths = (
			);
			runOnlyForDeploymentPostprocessing = 0;
			shellPath = /bin/sh;
			shellScript = "\"${SRCROOT}/Pods/Target Support Files/Pods-SwiftLock/Pods-SwiftLock-frameworks.sh\"\n";
			showEnvVarsInLog = 0;
		};
/* End PBXShellScriptBuildPhase section */

/* Begin PBXSourcesBuildPhase section */
		714E168E1E7DF1880067F1AC /* Sources */ = {
			isa = PBXSourcesBuildPhase;
			buildActionMask = 2147483647;
			files = (
				7189FA9F1E7E13D000454478 /* Ed25519KeyPair.swift in Sources */,
				714E16961E7DF1880067F1AC /* AppDelegate.swift in Sources */,
				7189FA9D1E7DF44A00454478 /* MiniLock.swift in Sources */,
				71A17EB01E804D9100A5EDCC /* LoginViewController.swift in Sources */,
				7189FAA11E7EB8D200454478 /* Base58.swift in Sources */,
			);
			runOnlyForDeploymentPostprocessing = 0;
		};
/* End PBXSourcesBuildPhase section */

/* Begin PBXVariantGroup section */
		714E16991E7DF1880067F1AC /* Main.storyboard */ = {
			isa = PBXVariantGroup;
			children = (
				714E169A1E7DF1880067F1AC /* Base */,
			);
			name = Main.storyboard;
			sourceTree = "<group>";
		};
		714E169E1E7DF1880067F1AC /* LaunchScreen.storyboard */ = {
			isa = PBXVariantGroup;
			children = (
				714E169F1E7DF1880067F1AC /* Base */,
			);
			name = LaunchScreen.storyboard;
			sourceTree = "<group>";
		};
/* End PBXVariantGroup section */

/* Begin XCBuildConfiguration section */
		714E16A21E7DF1880067F1AC /* Debug */ = {
			isa = XCBuildConfiguration;
			buildSettings = {
				ALWAYS_SEARCH_USER_PATHS = NO;
				CLANG_ANALYZER_NONNULL = YES;
				CLANG_CXX_LANGUAGE_STANDARD = "gnu++0x";
				CLANG_CXX_LIBRARY = "libc++";
				CLANG_ENABLE_MODULES = YES;
				CLANG_ENABLE_OBJC_ARC = YES;
				CLANG_WARN_BOOL_CONVERSION = YES;
				CLANG_WARN_CONSTANT_CONVERSION = YES;
				CLANG_WARN_DIRECT_OBJC_ISA_USAGE = YES_ERROR;
				CLANG_WARN_DOCUMENTATION_COMMENTS = YES;
				CLANG_WARN_EMPTY_BODY = YES;
				CLANG_WARN_ENUM_CONVERSION = YES;
				CLANG_WARN_INFINITE_RECURSION = YES;
				CLANG_WARN_INT_CONVERSION = YES;
				CLANG_WARN_OBJC_ROOT_CLASS = YES_ERROR;
				CLANG_WARN_SUSPICIOUS_MOVE = YES;
				CLANG_WARN_UNREACHABLE_CODE = YES;
				CLANG_WARN__DUPLICATE_METHOD_MATCH = YES;
				"CODE_SIGN_IDENTITY[sdk=iphoneos*]" = "iPhone Developer";
				COPY_PHASE_STRIP = NO;
				DEBUG_INFORMATION_FORMAT = dwarf;
				ENABLE_STRICT_OBJC_MSGSEND = YES;
				ENABLE_TESTABILITY = YES;
				GCC_C_LANGUAGE_STANDARD = gnu99;
				GCC_DYNAMIC_NO_PIC = NO;
				GCC_NO_COMMON_BLOCKS = YES;
				GCC_OPTIMIZATION_LEVEL = 0;
				GCC_PREPROCESSOR_DEFINITIONS = (
					"DEBUG=1",
					"$(inherited)",
				);
				GCC_WARN_64_TO_32_BIT_CONVERSION = YES;
				GCC_WARN_ABOUT_RETURN_TYPE = YES_ERROR;
				GCC_WARN_UNDECLARED_SELECTOR = YES;
				GCC_WARN_UNINITIALIZED_AUTOS = YES_AGGRESSIVE;
				GCC_WARN_UNUSED_FUNCTION = YES;
				GCC_WARN_UNUSED_VARIABLE = YES;
				IPHONEOS_DEPLOYMENT_TARGET = 10.2;
				MTL_ENABLE_DEBUG_INFO = YES;
				ONLY_ACTIVE_ARCH = YES;
				SDKROOT = iphoneos;
				SWIFT_ACTIVE_COMPILATION_CONDITIONS = DEBUG;
				SWIFT_OPTIMIZATION_LEVEL = "-Onone";
			};
			name = Debug;
		};
		714E16A31E7DF1880067F1AC /* Release */ = {
			isa = XCBuildConfiguration;
			buildSettings = {
				ALWAYS_SEARCH_USER_PATHS = NO;
				CLANG_ANALYZER_NONNULL = YES;
				CLANG_CXX_LANGUAGE_STANDARD = "gnu++0x";
				CLANG_CXX_LIBRARY = "libc++";
				CLANG_ENABLE_MODULES = YES;
				CLANG_ENABLE_OBJC_ARC = YES;
				CLANG_WARN_BOOL_CONVERSION = YES;
				CLANG_WARN_CONSTANT_CONVERSION = YES;
				CLANG_WARN_DIRECT_OBJC_ISA_USAGE = YES_ERROR;
				CLANG_WARN_DOCUMENTATION_COMMENTS = YES;
				CLANG_WARN_EMPTY_BODY = YES;
				CLANG_WARN_ENUM_CONVERSION = YES;
				CLANG_WARN_INFINITE_RECURSION = YES;
				CLANG_WARN_INT_CONVERSION = YES;
				CLANG_WARN_OBJC_ROOT_CLASS = YES_ERROR;
				CLANG_WARN_SUSPICIOUS_MOVE = YES;
				CLANG_WARN_UNREACHABLE_CODE = YES;
				CLANG_WARN__DUPLICATE_METHOD_MATCH = YES;
				"CODE_SIGN_IDENTITY[sdk=iphoneos*]" = "iPhone Developer";
				COPY_PHASE_STRIP = NO;
				DEBUG_INFORMATION_FORMAT = "dwarf-with-dsym";
				ENABLE_NS_ASSERTIONS = NO;
				ENABLE_STRICT_OBJC_MSGSEND = YES;
				GCC_C_LANGUAGE_STANDARD = gnu99;
				GCC_NO_COMMON_BLOCKS = YES;
				GCC_WARN_64_TO_32_BIT_CONVERSION = YES;
				GCC_WARN_ABOUT_RETURN_TYPE = YES_ERROR;
				GCC_WARN_UNDECLARED_SELECTOR = YES;
				GCC_WARN_UNINITIALIZED_AUTOS = YES_AGGRESSIVE;
				GCC_WARN_UNUSED_FUNCTION = YES;
				GCC_WARN_UNUSED_VARIABLE = YES;
				IPHONEOS_DEPLOYMENT_TARGET = 10.2;
				MTL_ENABLE_DEBUG_INFO = NO;
				SDKROOT = iphoneos;
				SWIFT_OPTIMIZATION_LEVEL = "-Owholemodule";
				VALIDATE_PRODUCT = YES;
			};
			name = Release;
		};
		714E16A51E7DF1880067F1AC /* Debug */ = {
			isa = XCBuildConfiguration;
			baseConfigurationReference = CDD972301F907F4A16CC4873 /* Pods-SwiftLock.debug.xcconfig */;
			buildSettings = {
				ASSETCATALOG_COMPILER_APPICON_NAME = AppIcon;
				DEVELOPMENT_TEAM = KWU29G76Q9;
				INFOPLIST_FILE = SwiftLock/Info.plist;
				IPHONEOS_DEPLOYMENT_TARGET = 9.0;
				LD_RUNPATH_SEARCH_PATHS = "$(inherited) @executable_path/Frameworks";
				PRODUCT_BUNDLE_IDENTIFIER = in.mohakshah.SwiftLock;
				PRODUCT_NAME = "$(TARGET_NAME)";
				SWIFT_VERSION = 3.0;
			};
			name = Debug;
		};
		714E16A61E7DF1880067F1AC /* Release */ = {
			isa = XCBuildConfiguration;
			baseConfigurationReference = 935CC6B360341A7ADFC0DA54 /* Pods-SwiftLock.release.xcconfig */;
			buildSettings = {
				ASSETCATALOG_COMPILER_APPICON_NAME = AppIcon;
				DEVELOPMENT_TEAM = KWU29G76Q9;
				INFOPLIST_FILE = SwiftLock/Info.plist;
				IPHONEOS_DEPLOYMENT_TARGET = 9.0;
				LD_RUNPATH_SEARCH_PATHS = "$(inherited) @executable_path/Frameworks";
				PRODUCT_BUNDLE_IDENTIFIER = in.mohakshah.SwiftLock;
				PRODUCT_NAME = "$(TARGET_NAME)";
				SWIFT_VERSION = 3.0;
			};
			name = Release;
		};
/* End XCBuildConfiguration section */

/* Begin XCConfigurationList section */
		714E168D1E7DF1880067F1AC /* Build configuration list for PBXProject "SwiftLock" */ = {
			isa = XCConfigurationList;
			buildConfigurations = (
				714E16A21E7DF1880067F1AC /* Debug */,
				714E16A31E7DF1880067F1AC /* Release */,
			);
			defaultConfigurationIsVisible = 0;
			defaultConfigurationName = Release;
		};
		714E16A41E7DF1880067F1AC /* Build configuration list for PBXNativeTarget "SwiftLock" */ = {
			isa = XCConfigurationList;
			buildConfigurations = (
				714E16A51E7DF1880067F1AC /* Debug */,
				714E16A61E7DF1880067F1AC /* Release */,
			);
			defaultConfigurationIsVisible = 0;
			defaultConfigurationName = Release;
		};
/* End XCConfigurationList section */
	};
	rootObject = 714E168A1E7DF1880067F1AC /* Project object */;
}
